// !$*UTF8*$!
{
	archiveVersion = 1;
	classes = {
	};
	objectVersion = 48;
	objects = {

/* Begin PBXBuildFile section */
		3CB66B65228D734900A2CFB0 /* AppDelegate.swift in Sources */ = {isa = PBXBuildFile; fileRef = 3CB66B64228D734900A2CFB0 /* AppDelegate.swift */; };
		3CB66B67228D734900A2CFB0 /* ViewController.swift in Sources */ = {isa = PBXBuildFile; fileRef = 3CB66B66228D734900A2CFB0 /* ViewController.swift */; };
		3CB66B6A228D734900A2CFB0 /* Main.storyboard in Resources */ = {isa = PBXBuildFile; fileRef = 3CB66B68228D734900A2CFB0 /* Main.storyboard */; };
		3CB66B6C228D734900A2CFB0 /* Assets.xcassets in Resources */ = {isa = PBXBuildFile; fileRef = 3CB66B6B228D734900A2CFB0 /* Assets.xcassets */; };
		3CB66B6F228D734900A2CFB0 /* LaunchScreen.storyboard in Resources */ = {isa = PBXBuildFile; fileRef = 3CB66B6D228D734900A2CFB0 /* LaunchScreen.storyboard */; };
		3CB66B7A228D734900A2CFB0 /* hello_worldTests.swift in Sources */ = {isa = PBXBuildFile; fileRef = 3CB66B79228D734900A2CFB0 /* hello_worldTests.swift */; };
		3CB66B85228D734900A2CFB0 /* hello_worldUITests.swift in Sources */ = {isa = PBXBuildFile; fileRef = 3CB66B84228D734900A2CFB0 /* hello_worldUITests.swift */; };
/* End PBXBuildFile section */

/* Begin PBXContainerItemProxy section */
		3CB66B76228D734900A2CFB0 /* PBXContainerItemProxy */ = {
			isa = PBXContainerItemProxy;
			containerPortal = 3CB66B59228D734900A2CFB0 /* Project object */;
			proxyType = 1;
			remoteGlobalIDString = 3CB66B60228D734900A2CFB0;
			remoteInfo = "hello world";
		};
		3CB66B81228D734900A2CFB0 /* PBXContainerItemProxy */ = {
			isa = PBXContainerItemProxy;
			containerPortal = 3CB66B59228D734900A2CFB0 /* Project object */;
			proxyType = 1;
			remoteGlobalIDString = 3CB66B60228D734900A2CFB0;
			remoteInfo = "hello world";
		};
/* End PBXContainerItemProxy section */

/* Begin PBXFileReference section */
		3CB66B61228D734900A2CFB0 /* hello world.app */ = {isa = PBXFileReference; explicitFileType = wrapper.application; includeInIndex = 0; path = "hello world.app"; sourceTree = BUILT_PRODUCTS_DIR; };
		3CB66B64228D734900A2CFB0 /* AppDelegate.swift */ = {isa = PBXFileReference; lastKnownFileType = sourcecode.swift; path = AppDelegate.swift; sourceTree = "<group>"; };
		3CB66B66228D734900A2CFB0 /* ViewController.swift */ = {isa = PBXFileReference; lastKnownFileType = sourcecode.swift; path = ViewController.swift; sourceTree = "<group>"; };
		3CB66B69228D734900A2CFB0 /* Base */ = {isa = PBXFileReference; lastKnownFileType = file.storyboard; name = Base; path = Base.lproj/Main.storyboard; sourceTree = "<group>"; };
		3CB66B6B228D734900A2CFB0 /* Assets.xcassets */ = {isa = PBXFileReference; lastKnownFileType = folder.assetcatalog; path = Assets.xcassets; sourceTree = "<group>"; };
		3CB66B6E228D734900A2CFB0 /* Base */ = {isa = PBXFileReference; lastKnownFileType = file.storyboard; name = Base; path = Base.lproj/LaunchScreen.storyboard; sourceTree = "<group>"; };
		3CB66B70228D734900A2CFB0 /* Info.plist */ = {isa = PBXFileReference; lastKnownFileType = text.plist.xml; path = Info.plist; sourceTree = "<group>"; };
		3CB66B75228D734900A2CFB0 /* hello worldTests.xctest */ = {isa = PBXFileReference; explicitFileType = wrapper.cfbundle; includeInIndex = 0; path = "hello worldTests.xctest"; sourceTree = BUILT_PRODUCTS_DIR; };
		3CB66B79228D734900A2CFB0 /* hello_worldTests.swift */ = {isa = PBXFileReference; lastKnownFileType = sourcecode.swift; path = hello_worldTests.swift; sourceTree = "<group>"; };
		3CB66B7B228D734900A2CFB0 /* Info.plist */ = {isa = PBXFileReference; lastKnownFileType = text.plist.xml; path = Info.plist; sourceTree = "<group>"; };
		3CB66B80228D734900A2CFB0 /* hello worldUITests.xctest */ = {isa = PBXFileReference; explicitFileType = wrapper.cfbundle; includeInIndex = 0; path = "hello worldUITests.xctest"; sourceTree = BUILT_PRODUCTS_DIR; };
		3CB66B84228D734900A2CFB0 /* hello_worldUITests.swift */ = {isa = PBXFileReference; lastKnownFileType = sourcecode.swift; path = hello_worldUITests.swift; sourceTree = "<group>"; };
		3CB66B86228D734900A2CFB0 /* Info.plist */ = {isa = PBXFileReference; lastKnownFileType = text.plist.xml; path = Info.plist; sourceTree = "<group>"; };
/* End PBXFileReference section */

/* Begin PBXFrameworksBuildPhase section */
		3CB66B5E228D734900A2CFB0 /* Frameworks */ = {
			isa = PBXFrameworksBuildPhase;
			buildActionMask = 2147483647;
			files = (
			);
			runOnlyForDeploymentPostprocessing = 0;
		};
		3CB66B72228D734900A2CFB0 /* Frameworks */ = {
			isa = PBXFrameworksBuildPhase;
			buildActionMask = 2147483647;
			files = (
			);
			runOnlyForDeploymentPostprocessing = 0;
		};
		3CB66B7D228D734900A2CFB0 /* Frameworks */ = {
			isa = PBXFrameworksBuildPhase;
			buildActionMask = 2147483647;
			files = (
			);
			runOnlyForDeploymentPostprocessing = 0;
		};
/* End PBXFrameworksBuildPhase section */

/* Begin PBXGroup section */
		3CB66B58228D734900A2CFB0 = {
			isa = PBXGroup;
			children = (
				3CB66B63228D734900A2CFB0 /* hello world */,
				3CB66B78228D734900A2CFB0 /* hello worldTests */,
				3CB66B83228D734900A2CFB0 /* hello worldUITests */,
				3CB66B62228D734900A2CFB0 /* Products */,
			);
			sourceTree = "<group>";
		};
		3CB66B62228D734900A2CFB0 /* Products */ = {
			isa = PBXGroup;
			children = (
				3CB66B61228D734900A2CFB0 /* hello world.app */,
				3CB66B75228D734900A2CFB0 /* hello worldTests.xctest */,
				3CB66B80228D734900A2CFB0 /* hello worldUITests.xctest */,
			);
			name = Products;
			sourceTree = "<group>";
		};
		3CB66B63228D734900A2CFB0 /* hello world */ = {
			isa = PBXGroup;
			children = (
				3CB66B64228D734900A2CFB0 /* AppDelegate.swift */,
				3CB66B66228D734900A2CFB0 /* ViewController.swift */,
				3CB66B68228D734900A2CFB0 /* Main.storyboard */,
				3CB66B6B228D734900A2CFB0 /* Assets.xcassets */,
				3CB66B6D228D734900A2CFB0 /* LaunchScreen.storyboard */,
				3CB66B70228D734900A2CFB0 /* Info.plist */,
			);
			path = "hello world";
			sourceTree = "<group>";
		};
		3CB66B78228D734900A2CFB0 /* hello worldTests */ = {
			isa = PBXGroup;
			children = (
				3CB66B79228D734900A2CFB0 /* hello_worldTests.swift */,
				3CB66B7B228D734900A2CFB0 /* Info.plist */,
			);
			path = "hello worldTests";
			sourceTree = "<group>";
		};
		3CB66B83228D734900A2CFB0 /* hello worldUITests */ = {
			isa = PBXGroup;
			children = (
				3CB66B84228D734900A2CFB0 /* hello_worldUITests.swift */,
				3CB66B86228D734900A2CFB0 /* Info.plist */,
			);
			path = "hello worldUITests";
			sourceTree = "<group>";
		};
/* End PBXGroup section */

/* Begin PBXNativeTarget section */
		3CB66B60228D734900A2CFB0 /* hello world */ = {
			isa = PBXNativeTarget;
			buildConfigurationList = 3CB66B89228D734900A2CFB0 /* Build configuration list for PBXNativeTarget "hello world" */;
			buildPhases = (
				3CB66B5D228D734900A2CFB0 /* Sources */,
				3CB66B5E228D734900A2CFB0 /* Frameworks */,
				3CB66B5F228D734900A2CFB0 /* Resources */,
			);
			buildRules = (
			);
			dependencies = (
			);
			name = "hello world";
			productName = "hello world";
			productReference = 3CB66B61228D734900A2CFB0 /* hello world.app */;
			productType = "com.apple.product-type.application";
		};
		3CB66B74228D734900A2CFB0 /* hello worldTests */ = {
			isa = PBXNativeTarget;
			buildConfigurationList = 3CB66B8C228D734900A2CFB0 /* Build configuration list for PBXNativeTarget "hello worldTests" */;
			buildPhases = (
				3CB66B71228D734900A2CFB0 /* Sources */,
				3CB66B72228D734900A2CFB0 /* Frameworks */,
				3CB66B73228D734900A2CFB0 /* Resources */,
			);
			buildRules = (
			);
			dependencies = (
				3CB66B77228D734900A2CFB0 /* PBXTargetDependency */,
			);
			name = "hello worldTests";
			productName = "hello worldTests";
			productReference = 3CB66B75228D734900A2CFB0 /* hello worldTests.xctest */;
			productType = "com.apple.product-type.bundle.unit-test";
		};
		3CB66B7F228D734900A2CFB0 /* hello worldUITests */ = {
			isa = PBXNativeTarget;
			buildConfigurationList = 3CB66B8F228D734900A2CFB0 /* Build configuration list for PBXNativeTarget "hello worldUITests" */;
			buildPhases = (
				3CB66B7C228D734900A2CFB0 /* Sources */,
				3CB66B7D228D734900A2CFB0 /* Frameworks */,
				3CB66B7E228D734900A2CFB0 /* Resources */,
			);
			buildRules = (
			);
			dependencies = (
				3CB66B82228D734900A2CFB0 /* PBXTargetDependency */,
			);
			name = "hello worldUITests";
			productName = "hello worldUITests";
			productReference = 3CB66B80228D734900A2CFB0 /* hello worldUITests.xctest */;
			productType = "com.apple.product-type.bundle.ui-testing";
		};
/* End PBXNativeTarget section */

/* Begin PBXProject section */
		3CB66B59228D734900A2CFB0 /* Project object */ = {
			isa = PBXProject;
			attributes = {
				LastSwiftUpdateCheck = 0920;
				LastUpgradeCheck = 0920;
				ORGANIZATIONNAME = "Noriki Ikeuchi";
				TargetAttributes = {
					3CB66B60228D734900A2CFB0 = {
						CreatedOnToolsVersion = 9.2;
						ProvisioningStyle = Automatic;
					};
					3CB66B74228D734900A2CFB0 = {
						CreatedOnToolsVersion = 9.2;
						ProvisioningStyle = Automatic;
						TestTargetID = 3CB66B60228D734900A2CFB0;
					};
					3CB66B7F228D734900A2CFB0 = {
						CreatedOnToolsVersion = 9.2;
						ProvisioningStyle = Automatic;
						TestTargetID = 3CB66B60228D734900A2CFB0;
					};
				};
			};
			buildConfigurationList = 3CB66B5C228D734900A2CFB0 /* Build configuration list for PBXProject "hello world" */;
			compatibilityVersion = "Xcode 8.0";
			developmentRegion = en;
			hasScannedForEncodings = 0;
			knownRegions = (
				en,
				Base,
			);
			mainGroup = 3CB66B58228D734900A2CFB0;
			productRefGroup = 3CB66B62228D734900A2CFB0 /* Products */;
			projectDirPath = "";
			projectRoot = "";
			targets = (
				3CB66B60228D734900A2CFB0 /* hello world */,
				3CB66B74228D734900A2CFB0 /* hello worldTests */,
				3CB66B7F228D734900A2CFB0 /* hello worldUITests */,
			);
		};
/* End PBXProject section */

/* Begin PBXResourcesBuildPhase section */
		3CB66B5F228D734900A2CFB0 /* Resources */ = {
			isa = PBXResourcesBuildPhase;
			buildActionMask = 2147483647;
			files = (
				3CB66B6F228D734900A2CFB0 /* LaunchScreen.storyboard in Resources */,
				3CB66B6C228D734900A2CFB0 /* Assets.xcassets in Resources */,
				3CB66B6A228D734900A2CFB0 /* Main.storyboard in Resources */,
			);
			runOnlyForDeploymentPostprocessing = 0;
		};
		3CB66B73228D734900A2CFB0 /* Resources */ = {
			isa = PBXResourcesBuildPhase;
			buildActionMask = 2147483647;
			files = (
			);
			runOnlyForDeploymentPostprocessing = 0;
		};
		3CB66B7E228D734900A2CFB0 /* Resources */ = {
			isa = PBXResourcesBuildPhase;
			buildActionMask = 2147483647;
			files = (
			);
			runOnlyForDeploymentPostprocessing = 0;
		};
/* End PBXResourcesBuildPhase section */

/* Begin PBXSourcesBuildPhase section */
		3CB66B5D228D734900A2CFB0 /* Sources */ = {
			isa = PBXSourcesBuildPhase;
			buildActionMask = 2147483647;
			files = (
				3CB66B67228D734900A2CFB0 /* ViewController.swift in Sources */,
				3CB66B65228D734900A2CFB0 /* AppDelegate.swift in Sources */,
			);
			runOnlyForDeploymentPostprocessing = 0;
		};
		3CB66B71228D734900A2CFB0 /* Sources */ = {
			isa = PBXSourcesBuildPhase;
			buildActionMask = 2147483647;
			files = (
				3CB66B7A228D734900A2CFB0 /* hello_worldTests.swift in Sources */,
			);
			runOnlyForDeploymentPostprocessing = 0;
		};
		3CB66B7C228D734900A2CFB0 /* Sources */ = {
			isa = PBXSourcesBuildPhase;
			buildActionMask = 2147483647;
			files = (
				3CB66B85228D734900A2CFB0 /* hello_worldUITests.swift in Sources */,
			);
			runOnlyForDeploymentPostprocessing = 0;
		};
/* End PBXSourcesBuildPhase section */

/* Begin PBXTargetDependency section */
		3CB66B77228D734900A2CFB0 /* PBXTargetDependency */ = {
			isa = PBXTargetDependency;
			target = 3CB66B60228D734900A2CFB0 /* hello world */;
			targetProxy = 3CB66B76228D734900A2CFB0 /* PBXContainerItemProxy */;
		};
		3CB66B82228D734900A2CFB0 /* PBXTargetDependency */ = {
			isa = PBXTargetDependency;
			target = 3CB66B60228D734900A2CFB0 /* hello world */;
			targetProxy = 3CB66B81228D734900A2CFB0 /* PBXContainerItemProxy */;
		};
/* End PBXTargetDependency section */

/* Begin PBXVariantGroup section */
		3CB66B68228D734900A2CFB0 /* Main.storyboard */ = {
			isa = PBXVariantGroup;
			children = (
				3CB66B69228D734900A2CFB0 /* Base */,
			);
			name = Main.storyboard;
			sourceTree = "<group>";
		};
		3CB66B6D228D734900A2CFB0 /* LaunchScreen.storyboard */ = {
			isa = PBXVariantGroup;
			children = (
				3CB66B6E228D734900A2CFB0 /* Base */,
			);
			name = LaunchScreen.storyboard;
			sourceTree = "<group>";
		};
/* End PBXVariantGroup section */

/* Begin XCBuildConfiguration section */
		3CB66B87228D734900A2CFB0 /* Debug */ = {
			isa = XCBuildConfiguration;
			buildSettings = {
				ALWAYS_SEARCH_USER_PATHS = NO;
				CLANG_ANALYZER_NONNULL = YES;
				CLANG_ANALYZER_NUMBER_OBJECT_CONVERSION = YES_AGGRESSIVE;
				CLANG_CXX_LANGUAGE_STANDARD = "gnu++14";
				CLANG_CXX_LIBRARY = "libc++";
				CLANG_ENABLE_MODULES = YES;
				CLANG_ENABLE_OBJC_ARC = YES;
				CLANG_WARN_BLOCK_CAPTURE_AUTORELEASING = YES;
				CLANG_WARN_BOOL_CONVERSION = YES;
				CLANG_WARN_COMMA = YES;
				CLANG_WARN_CONSTANT_CONVERSION = YES;
				CLANG_WARN_DIRECT_OBJC_ISA_USAGE = YES_ERROR;
				CLANG_WARN_DOCUMENTATION_COMMENTS = YES;
				CLANG_WARN_EMPTY_BODY = YES;
				CLANG_WARN_ENUM_CONVERSION = YES;
				CLANG_WARN_INFINITE_RECURSION = YES;
				CLANG_WARN_INT_CONVERSION = YES;
				CLANG_WARN_NON_LITERAL_NULL_CONVERSION = YES;
				CLANG_WARN_OBJC_LITERAL_CONVERSION = YES;
				CLANG_WARN_OBJC_ROOT_CLASS = YES_ERROR;
				CLANG_WARN_RANGE_LOOP_ANALYSIS = YES;
				CLANG_WARN_STRICT_PROTOTYPES = YES;
				CLANG_WARN_SUSPICIOUS_MOVE = YES;
				CLANG_WARN_UNGUARDED_AVAILABILITY = YES_AGGRESSIVE;
				CLANG_WARN_UNREACHABLE_CODE = YES;
				CLANG_WARN__DUPLICATE_METHOD_MATCH = YES;
				CODE_SIGN_IDENTITY = "iPhone Developer";
				COPY_PHASE_STRIP = NO;
				DEBUG_INFORMATION_FORMAT = dwarf;
				ENABLE_STRICT_OBJC_MSGSEND = YES;
				ENABLE_TESTABILITY = YES;
				GCC_C_LANGUAGE_STANDARD = gnu11;
				GCC_DYNAMIC_NO_PIC = NO;
				GCC_NO_COMMON_BLOCKS = YES;
				GCC_OPTIMIZATION_LEVEL = 0;
				GCC_PREPROCESSOR_DEFINITIONS = (
					"DEBUG=1",
					"$(inherited)",
				);
				GCC_WARN_64_TO_32_BIT_CONVERSION = YES;
				GCC_WARN_ABOUT_RETURN_TYPE = YES_ERROR;
				GCC_WARN_UNDECLARED_SELECTOR = YES;
				GCC_WARN_UNINITIALIZED_AUTOS = YES_AGGRESSIVE;
				GCC_WARN_UNUSED_FUNCTION = YES;
				GCC_WARN_UNUSED_VARIABLE = YES;
				IPHONEOS_DEPLOYMENT_TARGET = 11.2;
				MTL_ENABLE_DEBUG_INFO = YES;
				ONLY_ACTIVE_ARCH = YES;
				SDKROOT = iphoneos;
				SWIFT_ACTIVE_COMPILATION_CONDITIONS = DEBUG;
				SWIFT_OPTIMIZATION_LEVEL = "-Onone";
			};
			name = Debug;
		};
		3CB66B88228D734900A2CFB0 /* Release */ = {
			isa = XCBuildConfiguration;
			buildSettings = {
				ALWAYS_SEARCH_USER_PATHS = NO;
				CLANG_ANALYZER_NONNULL = YES;
				CLANG_ANALYZER_NUMBER_OBJECT_CONVERSION = YES_AGGRESSIVE;
				CLANG_CXX_LANGUAGE_STANDARD = "gnu++14";
				CLANG_CXX_LIBRARY = "libc++";
				CLANG_ENABLE_MODULES = YES;
				CLANG_ENABLE_OBJC_ARC = YES;
				CLANG_WARN_BLOCK_CAPTURE_AUTORELEASING = YES;
				CLANG_WARN_BOOL_CONVERSION = YES;
				CLANG_WARN_COMMA = YES;
				CLANG_WARN_CONSTANT_CONVERSION = YES;
				CLANG_WARN_DIRECT_OBJC_ISA_USAGE = YES_ERROR;
				CLANG_WARN_DOCUMENTATION_COMMENTS = YES;
				CLANG_WARN_EMPTY_BODY = YES;
				CLANG_WARN_ENUM_CONVERSION = YES;
				CLANG_WARN_INFINITE_RECURSION = YES;
				CLANG_WARN_INT_CONVERSION = YES;
				CLANG_WARN_NON_LITERAL_NULL_CONVERSION = YES;
				CLANG_WARN_OBJC_LITERAL_CONVERSION = YES;
				CLANG_WARN_OBJC_ROOT_CLASS = YES_ERROR;
				CLANG_WARN_RANGE_LOOP_ANALYSIS = YES;
				CLANG_WARN_STRICT_PROTOTYPES = YES;
				CLANG_WARN_SUSPICIOUS_MOVE = YES;
				CLANG_WARN_UNGUARDED_AVAILABILITY = YES_AGGRESSIVE;
				CLANG_WARN_UNREACHABLE_CODE = YES;
				CLANG_WARN__DUPLICATE_METHOD_MATCH = YES;
				CODE_SIGN_IDENTITY = "iPhone Developer";
				COPY_PHASE_STRIP = NO;
				DEBUG_INFORMATION_FORMAT = "dwarf-with-dsym";
				ENABLE_NS_ASSERTIONS = NO;
				ENABLE_STRICT_OBJC_MSGSEND = YES;
				GCC_C_LANGUAGE_STANDARD = gnu11;
				GCC_NO_COMMON_BLOCKS = YES;
				GCC_WARN_64_TO_32_BIT_CONVERSION = YES;
				GCC_WARN_ABOUT_RETURN_TYPE = YES_ERROR;
				GCC_WARN_UNDECLARED_SELECTOR = YES;
				GCC_WARN_UNINITIALIZED_AUTOS = YES_AGGRESSIVE;
				GCC_WARN_UNUSED_FUNCTION = YES;
				GCC_WARN_UNUSED_VARIABLE = YES;
				IPHONEOS_DEPLOYMENT_TARGET = 11.2;
				MTL_ENABLE_DEBUG_INFO = NO;
				SDKROOT = iphoneos;
				SWIFT_OPTIMIZATION_LEVEL = "-Owholemodule";
				VALIDATE_PRODUCT = YES;
			};
			name = Release;
		};
		3CB66B8A228D734900A2CFB0 /* Debug */ = {
			isa = XCBuildConfiguration;
			buildSettings = {
				ASSETCATALOG_COMPILER_APPICON_NAME = AppIcon;
				CODE_SIGN_STYLE = Automatic;
				INFOPLIST_FILE = "hello world/Info.plist";
				LD_RUNPATH_SEARCH_PATHS = "$(inherited) @executable_path/Frameworks";
				PRODUCT_BUNDLE_IDENTIFIER = "iphone.hello-world";
				PRODUCT_NAME = "$(TARGET_NAME)";
				SWIFT_VERSION = 4.0;
				TARGETED_DEVICE_FAMILY = "1,2";
			};
			name = Debug;
		};
		3CB66B8B228D734900A2CFB0 /* Release */ = {
			isa = XCBuildConfiguration;
			buildSettings = {
				ASSETCATALOG_COMPILER_APPICON_NAME = AppIcon;
				CODE_SIGN_STYLE = Automatic;
				INFOPLIST_FILE = "hello world/Info.plist";
				LD_RUNPATH_SEARCH_PATHS = "$(inherited) @executable_path/Frameworks";
				PRODUCT_BUNDLE_IDENTIFIER = "iphone.hello-world";
				PRODUCT_NAME = "$(TARGET_NAME)";
				SWIFT_VERSION = 4.0;
				TARGETED_DEVICE_FAMILY = "1,2";
			};
			name = Release;
		};
		3CB66B8D228D734900A2CFB0 /* Debug */ = {
			isa = XCBuildConfiguration;
			buildSettings = {
				ALWAYS_EMBED_SWIFT_STANDARD_LIBRARIES = YES;
				BUNDLE_LOADER = "$(TEST_HOST)";
				CODE_SIGN_STYLE = Automatic;
				INFOPLIST_FILE = "hello worldTests/Info.plist";
				LD_RUNPATH_SEARCH_PATHS = "$(inherited) @executable_path/Frameworks @loader_path/Frameworks";
				PRODUCT_BUNDLE_IDENTIFIER = "iphone.hello-worldTests";
				PRODUCT_NAME = "$(TARGET_NAME)";
				SWIFT_VERSION = 4.0;
				TARGETED_DEVICE_FAMILY = "1,2";
				TEST_HOST = "$(BUILT_PRODUCTS_DIR)/hello world.app/hello world";
			};
			name = Debug;
		};
		3CB66B8E228D734900A2CFB0 /* Release */ = {
			isa = XCBuildConfiguration;
			buildSettings = {
				ALWAYS_EMBED_SWIFT_STANDARD_LIBRARIES = YES;
				BUNDLE_LOADER = "$(TEST_HOST)";
				CODE_SIGN_STYLE = Automatic;
				INFOPLIST_FILE = "hello worldTests/Info.plist";
				LD_RUNPATH_SEARCH_PATHS = "$(inherited) @executable_path/Frameworks @loader_path/Frameworks";
				PRODUCT_BUNDLE_IDENTIFIER = "iphone.hello-worldTests";
				PRODUCT_NAME = "$(TARGET_NAME)";
				SWIFT_VERSION = 4.0;
				TARGETED_DEVICE_FAMILY = "1,2";
				TEST_HOST = "$(BUILT_PRODUCTS_DIR)/hello world.app/hello world";
			};
			name = Release;
		};
		3CB66B90228D734900A2CFB0 /* Debug */ = {
			isa = XCBuildConfiguration;
			buildSettings = {
				ALWAYS_EMBED_SWIFT_STANDARD_LIBRARIES = YES;
				CODE_SIGN_STYLE = Automatic;
				INFOPLIST_FILE = "hello worldUITests/Info.plist";
				LD_RUNPATH_SEARCH_PATHS = "$(inherited) @executable_path/Frameworks @loader_path/Frameworks";
				PRODUCT_BUNDLE_IDENTIFIER = "iphone.hello-worldUITests";
				PRODUCT_NAME = "$(TARGET_NAME)";
				SWIFT_VERSION = 4.0;
				TARGETED_DEVICE_FAMILY = "1,2";
				TEST_TARGET_NAME = "hello world";
			};
			name = Debug;
		};
		3CB66B91228D734900A2CFB0 /* Release */ = {
			isa = XCBuildConfiguration;
			buildSettings = {
				ALWAYS_EMBED_SWIFT_STANDARD_LIBRARIES = YES;
				CODE_SIGN_STYLE = Automatic;
				INFOPLIST_FILE = "hello worldUITests/Info.plist";
				LD_RUNPATH_SEARCH_PATHS = "$(inherited) @executable_path/Frameworks @loader_path/Frameworks";
				PRODUCT_BUNDLE_IDENTIFIER = "iphone.hello-worldUITests";
				PRODUCT_NAME = "$(TARGET_NAME)";
				SWIFT_VERSION = 4.0;
				TARGETED_DEVICE_FAMILY = "1,2";
				TEST_TARGET_NAME = "hello world";
			};
			name = Release;
		};
/* End XCBuildConfiguration section */

/* Begin XCConfigurationList section */
		3CB66B5C228D734900A2CFB0 /* Build configuration list for PBXProject "hello world" */ = {
			isa = XCConfigurationList;
			buildConfigurations = (
				3CB66B87228D734900A2CFB0 /* Debug */,
				3CB66B88228D734900A2CFB0 /* Release */,
			);
			defaultConfigurationIsVisible = 0;
			defaultConfigurationName = Release;
		};
		3CB66B89228D734900A2CFB0 /* Build configuration list for PBXNativeTarget "hello world" */ = {
			isa = XCConfigurationList;
			buildConfigurations = (
				3CB66B8A228D734900A2CFB0 /* Debug */,
				3CB66B8B228D734900A2CFB0 /* Release */,
			);
			defaultConfigurationIsVisible = 0;
			defaultConfigurationName = Release;
		};
		3CB66B8C228D734900A2CFB0 /* Build configuration list for PBXNativeTarget "hello worldTests" */ = {
			isa = XCConfigurationList;
			buildConfigurations = (
				3CB66B8D228D734900A2CFB0 /* Debug */,
				3CB66B8E228D734900A2CFB0 /* Release */,
			);
			defaultConfigurationIsVisible = 0;
			defaultConfigurationName = Release;
		};
		3CB66B8F228D734900A2CFB0 /* Build configuration list for PBXNativeTarget "hello worldUITests" */ = {
			isa = XCConfigurationList;
			buildConfigurations = (
				3CB66B90228D734900A2CFB0 /* Debug */,
				3CB66B91228D734900A2CFB0 /* Release */,
			);
			defaultConfigurationIsVisible = 0;
			defaultConfigurationName = Release;
		};
/* End XCConfigurationList section */
	};
	rootObject = 3CB66B59228D734900A2CFB0 /* Project object */;
}
